
Microsoft Visual Studio Solution File, Format Version 12.00
# Visual Studio Version 17
VisualStudioVersion = 17.3.32825.248
MinimumVisualStudioVersion = 10.0.40219.1
Project("{FAE04EC0-301F-11D3-BF4B-00C04F79EFBC}") = "PrimeFinder", "PrimeFinder\PrimeFinder.csproj", "{071F8A6C-CEB6-4929-9EF5-197D21EE77BB}"
EndProject
Global
	GlobalSection(SolutionConfigurationPlatforms) = preSolution
		Debug|Any CPU = Debug|Any CPU
		Release|Any CPU = Release|Any CPU
	EndGlobalSection
	GlobalSection(ProjectConfigurationPlatforms) = postSolution
		{071F8A6C-CEB6-4929-9EF5-197D21EE77BB}.Debug|Any CPU.ActiveCfg = Debug|Any CPU
		{071F8A6C-CEB6-4929-9EF5-197D21EE77BB}.Debug|Any CPU.Build.0 = Debug|Any CPU
		{071F8A6C-CEB6-4929-9EF5-197D21EE77BB}.Release|Any CPU.ActiveCfg = Release|Any CPU
		{071F8A6C-CEB6-4929-9EF5-197D21EE77BB}.Release|Any CPU.Build.0 = Release|Any CPU
	EndGlobalSection
	GlobalSection(SolutionProperties) = preSolution
		HideSolutionNode = FALSE
	EndGlobalSection
	GlobalSection(ExtensibilityGlobals) = postSolution
		SolutionGuid = {385B3699-7BC6-433D-B654-33B545C0A9BF}
	EndGlobalSection
EndGlobal
